{
  "lockfileVersion": 1,
  "configVersion": 1,
  "workspaces": {
    "": {
      "name": "smart-pet-camera-web",
      "dependencies": {
        "@preact/signals": "^2.8.2",
        "preact": "^10.27.2",
      },
      "devDependencies": {
        "bun-types": "^1.3.11",
        "typescript": "^5.7.0",
      },
    },
  },
  "packages": {
    "@preact/signals": ["@preact/signals@2.9.0", "", { "dependencies": { "@preact/signals-core": "^1.14.0" }, "peerDependencies": { "preact": ">= 10.25.0 || >=11.0.0-0" } }, "sha512-hYrY0KyUqkDgOl1qba/JGn6y81pXnurn21PMaxfcMwdncdZ3M/oVdmpTvEnsGjh48dIwDVc7bjWHqIsngSjYug=="],

    "@preact/signals-core": ["@preact/signals-core@1.14.0", "", {}, "sha512-AowtCcCU/33lFlh1zRFf/u+12rfrhtNakj7UpaGEsmMwUKpKWMVvcktOGcwBBNiB4lWrZWc01LhiyyzVklJyaQ=="],

    "@types/node": ["@types/node@25.5.0", "", { "dependencies": { "undici-types": "~7.18.0" } }, "sha512-jp2P3tQMSxWugkCUKLRPVUpGaL5MVFwF8RDuSRztfwgN1wmqJeMSbKlnEtQqU8UrhTmzEmZdu2I6v2dpp7XIxw=="],

    "bun-types": ["bun-types@1.3.11", "", { "dependencies": { "@types/node": "*" } }, "sha512-1KGPpoxQWl9f6wcZh57LvrPIInQMn2TQ7jsgxqpRzg+l0QPOFvJVH7HmvHo/AiPgwXy+/Thf6Ov3EdVn1vOabg=="],

    "preact": ["preact@10.29.0", "", {}, "sha512-wSAGyk2bYR1c7t3SZ3jHcM6xy0lcBcDel6lODcs9ME6Th++Dx2KU+6D3HD8wMMKGA8Wpw7OMd3/4RGzYRpzwRg=="],

    "typescript": ["typescript@5.9.3", "", { "bin": { "tsc": "bin/tsc", "tsserver": "bin/tsserver" } }, "sha512-jl1vZzPDinLr9eUt3J/t7V6FgNEw9QjvBPdysz9KfQDD41fQrC2Y4vKQdiaUpFT4bXlb1RHhLpp8wtm6M5TgSw=="],

    "undici-types": ["undici-types@7.18.2", "", {}, "sha512-AsuCzffGHJybSaRrmr5eHr81mwJU3kjw6M+uprWvCXiNeN9SOGwQ3Jn8jb8m3Z6izVgknn1R0FTCEAP2QrLY/w=="],
  }
}
